
Microsoft Visual Studio Solution File, Format Version 12.00
# Visual Studio 2012
Project("{FAE04EC0-301F-11D3-BF4B-00C04F79EFBC}") = "VerticalSticks", "Challenges\DynamicProgramming\VerticalSticks\VerticalSticks.csproj", "{B4657E93-6B06-43F8-BFCB-9FF797BDC1A2}"
EndProject
Project("{FAE04EC0-301F-11D3-BF4B-00C04F79EFBC}") = "KDifference", "Other\KDifference\KDifference.csproj", "{2B4171A9-B752-45FD-BA33-5A26511E93A8}"
EndProject
Project("{FAE04EC0-301F-11D3-BF4B-00C04F79EFBC}") = "StringSimilarity", "Challenges\Strings\StringSimilarity\StringSimilarity.csproj", "{5BBD1182-9A0A-48CF-95AB-54A443FD07F1}"
EndProject
Project("{FAE04EC0-301F-11D3-BF4B-00C04F79EFBC}") = "StringReduction", "Challenges\Math\StringReduction\StringReduction.csproj", "{E20540D6-534E-4929-86D3-B9E6BAA41770}"
EndProject
Project("{2150E333-8FDC-42A3-9474-1A3956D46DE8}") = "Strings", "Strings", "{E71BB617-BC88-43A2-B0F6-D0EAA9B293B6}"
EndProject
Project("{2150E333-8FDC-42A3-9474-1A3956D46DE8}") = "DynamicProgramming", "DynamicProgramming", "{07362742-8376-4198-8E68-372EF421C025}"
EndProject
Project("{2150E333-8FDC-42A3-9474-1A3956D46DE8}") = "Math", "Math", "{2349A889-4C80-4A1E-B221-DFA38E026DD8}"
EndProject
Project("{2150E333-8FDC-42A3-9474-1A3956D46DE8}") = "Other", "Other", "{1AA8B62C-52F8-43C8-A5D1-04579E8BE762}"
EndProject
Project("{2150E333-8FDC-42A3-9474-1A3956D46DE8}") = "Search", "Search", "{6FD1E565-60D2-489D-9A5A-491642D6BD06}"
EndProject
Project("{FAE04EC0-301F-11D3-BF4B-00C04F79EFBC}") = "CoinOnTheTable", "Challenges\Search\CoinOnTheTable\CoinOnTheTable.csproj", "{08B7D78C-AA0B-44AD-8639-F0A3D024D27F}"
EndProject
Project("{2150E333-8FDC-42A3-9474-1A3956D46DE8}") = "Challenges", "Challenges", "{9DF252D9-6979-4A54-A384-F303A21BA26D}"
EndProject
Project("{2150E333-8FDC-42A3-9474-1A3956D46DE8}") = "Contests", "Contests", "{AC6B4B5B-115A-4892-AA95-E3C1DB2FA0A8}"
EndProject
Project("{2150E333-8FDC-42A3-9474-1A3956D46DE8}") = "StartAtStartup", "StartAtStartup", "{C0D7D574-67DE-414A-B56A-B73EB6A23BA8}"
EndProject
Project("{2150E333-8FDC-42A3-9474-1A3956D46DE8}") = "HackerRankAugust", "HackerRankAugust", "{265CD065-975A-4B7A-AFD8-869B8AC298A5}"
EndProject
Project("{FAE04EC0-301F-11D3-BF4B-00C04F79EFBC}") = "ConsoleApplication1", "Contests\HackerRankAugust\ConsoleApplication1\ConsoleApplication1.csproj", "{8E0ABD8B-D01A-4C2A-8CEE-BD056C4C9A48}"
EndProject
Project("{FAE04EC0-301F-11D3-BF4B-00C04F79EFBC}") = "ConsoleApplication2", "Contests\HackerRankAugust\ConsoleApplication2\ConsoleApplication2.csproj", "{AF49D493-AF9C-4AF9-8D33-9E755462694F}"
EndProject
Project("{FAE04EC0-301F-11D3-BF4B-00C04F79EFBC}") = "ConsoleApplication3", "Contests\HackerRankAugust\ConsoleApplication3\ConsoleApplication3.csproj", "{BEC6A253-8BF0-47E4-9FDE-360AC6E5A1B0}"
EndProject
Project("{FAE04EC0-301F-11D3-BF4B-00C04F79EFBC}") = "ConsoleApplication4", "Contests\HackerRankAugust\ConsoleApplication4\ConsoleApplication4.csproj", "{43B0D26E-83C9-4FE3-B323-FF5349DB8F85}"
EndProject
Project("{FAE04EC0-301F-11D3-BF4B-00C04F79EFBC}") = "ConsoleApplication5", "Contests\HackerRankAugust\ConsoleApplication5\ConsoleApplication5.csproj", "{06A8D347-472C-47CC-91F2-8A07AFEE33CC}"
EndProject
Project("{FAE04EC0-301F-11D3-BF4B-00C04F79EFBC}") = "ConsoleApplication1", "Contests\StartAtStartup\ConsoleApplication1\ConsoleApplication1.csproj", "{71F98AB3-685A-4A26-92C9-AEF34C6F61E3}"
EndProject
Project("{FAE04EC0-301F-11D3-BF4B-00C04F79EFBC}") = "ConsoleApplication2", "Contests\StartAtStartup\ConsoleApplication2\ConsoleApplication2.csproj", "{F4D1CB14-AA80-4049-B03F-A505BCDA76DC}"
EndProject
Project("{FAE04EC0-301F-11D3-BF4B-00C04F79EFBC}") = "ConsoleApplication3", "Contests\StartAtStartup\ConsoleApplication3\ConsoleApplication3.csproj", "{878464A3-33EF-4C64-98CA-6AAB7C7C22F9}"
EndProject
Project("{FAE04EC0-301F-11D3-BF4B-00C04F79EFBC}") = "ConsoleApplication4", "Contests\StartAtStartup\ConsoleApplication4\ConsoleApplication4.csproj", "{A6E0D414-FAC4-4CCA-9ACD-33F489665668}"
EndProject
Project("{FAE04EC0-301F-11D3-BF4B-00C04F79EFBC}") = "Tmp", "Contests\StartAtStartup\Tmp\Tmp.csproj", "{0FD98402-0A9D-4D5E-A5D3-209C57DB3AC9}"
EndProject
Project("{2150E333-8FDC-42A3-9474-1A3956D46DE8}") = "SecuritySprint", "SecuritySprint", "{1DC0F8FC-A05D-45F2-81F5-DC2D1A12E97B}"
EndProject
Project("{FAE04EC0-301F-11D3-BF4B-00C04F79EFBC}") = "SecuritySprint", "Contests\SecuritySprint\SecuritySprint\SecuritySprint.csproj", "{1A1EA64A-414D-40C2-BF44-C34B09B98077}"
EndProject
Project("{2150E333-8FDC-42A3-9474-1A3956D46DE8}") = "BitManipulation", "BitManipulation", "{4C69ACDA-ECF2-4BA5-9967-A08407ADE1AE}"
EndProject
Project("{FAE04EC0-301F-11D3-BF4B-00C04F79EFBC}") = "TaskScheduling", "Challenges\Search\TaskScheduling\TaskScheduling.csproj", "{9150FA7E-5DE4-449D-A15A-D508ED110E72}"
EndProject
Project("{FAE04EC0-301F-11D3-BF4B-00C04F79EFBC}") = "Triplets", "Challenges\Search\Triplets\Triplets.csproj", "{37DD2772-F869-488E-AE0D-1779CED90B70}"
EndProject
Project("{FAE04EC0-301F-11D3-BF4B-00C04F79EFBC}") = "Billboards", "Challenges\Search\Billboards\Billboards.csproj", "{E0C9ADC4-CC4D-4504-B1EA-BBB2006070CB}"
EndProject
Project("{FAE04EC0-301F-11D3-BF4B-00C04F79EFBC}") = "StockMaximize", "Challenges\DynamicProgramming\StockMaximize\StockMaximize.csproj", "{A2EAE678-20ED-472D-82EE-07BEA12FDD24}"
EndProject
Project("{FAE04EC0-301F-11D3-BF4B-00C04F79EFBC}") = "Candies", "Challenges\DynamicProgramming\Candies\Candies.csproj", "{C3BE9EC2-CCFE-4308-ACB2-4B2565804997}"
EndProject
Project("{FAE04EC0-301F-11D3-BF4B-00C04F79EFBC}") = "FraudPrevention", "Challenges\Strings\FraudPrevention\FraudPrevention.csproj", "{903EDEBE-AB9B-44A0-853A-798059AE89F0}"
EndProject
Project("{FAE04EC0-301F-11D3-BF4B-00C04F79EFBC}") = "SubsequenceWeighting", "Challenges\Math\SubsequenceWeighting\SubsequenceWeighting.csproj", "{99E0F0B0-54EA-4C34-93EB-E631DB1F17CA}"
EndProject
Project("{FAE04EC0-301F-11D3-BF4B-00C04F79EFBC}") = "Encryption", "Challenges\Search\Encryption\Encryption.csproj", "{11E748E4-F789-4EB1-A530-FA6EF55D9938}"
EndProject
Global
	GlobalSection(SolutionConfigurationPlatforms) = preSolution
		32bit|Any CPU = 32bit|Any CPU
		32bit|x86 = 32bit|x86
		Debug|Any CPU = Debug|Any CPU
		Debug|x86 = Debug|x86
		Release|Any CPU = Release|Any CPU
		Release|x86 = Release|x86
	EndGlobalSection
	GlobalSection(ProjectConfigurationPlatforms) = postSolution
		{B4657E93-6B06-43F8-BFCB-9FF797BDC1A2}.32bit|Any CPU.ActiveCfg = Release|Any CPU
		{B4657E93-6B06-43F8-BFCB-9FF797BDC1A2}.32bit|Any CPU.Build.0 = Release|Any CPU
		{B4657E93-6B06-43F8-BFCB-9FF797BDC1A2}.32bit|x86.ActiveCfg = Release|Any CPU
		{B4657E93-6B06-43F8-BFCB-9FF797BDC1A2}.Debug|Any CPU.ActiveCfg = Debug|Any CPU
		{B4657E93-6B06-43F8-BFCB-9FF797BDC1A2}.Debug|Any CPU.Build.0 = Debug|Any CPU
		{B4657E93-6B06-43F8-BFCB-9FF797BDC1A2}.Debug|x86.ActiveCfg = Debug|Any CPU
		{B4657E93-6B06-43F8-BFCB-9FF797BDC1A2}.Release|Any CPU.ActiveCfg = Release|Any CPU
		{B4657E93-6B06-43F8-BFCB-9FF797BDC1A2}.Release|Any CPU.Build.0 = Release|Any CPU
		{B4657E93-6B06-43F8-BFCB-9FF797BDC1A2}.Release|x86.ActiveCfg = Release|Any CPU
		{2B4171A9-B752-45FD-BA33-5A26511E93A8}.32bit|Any CPU.ActiveCfg = Release|Any CPU
		{2B4171A9-B752-45FD-BA33-5A26511E93A8}.32bit|Any CPU.Build.0 = Release|Any CPU
		{2B4171A9-B752-45FD-BA33-5A26511E93A8}.32bit|x86.ActiveCfg = Release|Any CPU
		{2B4171A9-B752-45FD-BA33-5A26511E93A8}.Debug|Any CPU.ActiveCfg = Debug|Any CPU
		{2B4171A9-B752-45FD-BA33-5A26511E93A8}.Debug|Any CPU.Build.0 = Debug|Any CPU
		{2B4171A9-B752-45FD-BA33-5A26511E93A8}.Debug|x86.ActiveCfg = Debug|Any CPU
		{2B4171A9-B752-45FD-BA33-5A26511E93A8}.Release|Any CPU.ActiveCfg = Release|Any CPU
		{2B4171A9-B752-45FD-BA33-5A26511E93A8}.Release|Any CPU.Build.0 = Release|Any CPU
		{2B4171A9-B752-45FD-BA33-5A26511E93A8}.Release|x86.ActiveCfg = Release|Any CPU
		{5BBD1182-9A0A-48CF-95AB-54A443FD07F1}.32bit|Any CPU.ActiveCfg = Release|Any CPU
		{5BBD1182-9A0A-48CF-95AB-54A443FD07F1}.32bit|Any CPU.Build.0 = Release|Any CPU
		{5BBD1182-9A0A-48CF-95AB-54A443FD07F1}.32bit|x86.ActiveCfg = Release|Any CPU
		{5BBD1182-9A0A-48CF-95AB-54A443FD07F1}.Debug|Any CPU.ActiveCfg = Debug|Any CPU
		{5BBD1182-9A0A-48CF-95AB-54A443FD07F1}.Debug|Any CPU.Build.0 = Debug|Any CPU
		{5BBD1182-9A0A-48CF-95AB-54A443FD07F1}.Debug|x86.ActiveCfg = Debug|Any CPU
		{5BBD1182-9A0A-48CF-95AB-54A443FD07F1}.Release|Any CPU.ActiveCfg = Release|Any CPU
		{5BBD1182-9A0A-48CF-95AB-54A443FD07F1}.Release|Any CPU.Build.0 = Release|Any CPU
		{5BBD1182-9A0A-48CF-95AB-54A443FD07F1}.Release|x86.ActiveCfg = Release|Any CPU
		{E20540D6-534E-4929-86D3-B9E6BAA41770}.32bit|Any CPU.ActiveCfg = Release|Any CPU
		{E20540D6-534E-4929-86D3-B9E6BAA41770}.32bit|Any CPU.Build.0 = Release|Any CPU
		{E20540D6-534E-4929-86D3-B9E6BAA41770}.32bit|x86.ActiveCfg = Release|Any CPU
		{E20540D6-534E-4929-86D3-B9E6BAA41770}.Debug|Any CPU.ActiveCfg = Debug|Any CPU
		{E20540D6-534E-4929-86D3-B9E6BAA41770}.Debug|Any CPU.Build.0 = Debug|Any CPU
		{E20540D6-534E-4929-86D3-B9E6BAA41770}.Debug|x86.ActiveCfg = Debug|Any CPU
		{E20540D6-534E-4929-86D3-B9E6BAA41770}.Release|Any CPU.ActiveCfg = Release|Any CPU
		{E20540D6-534E-4929-86D3-B9E6BAA41770}.Release|Any CPU.Build.0 = Release|Any CPU
		{E20540D6-534E-4929-86D3-B9E6BAA41770}.Release|x86.ActiveCfg = Release|Any CPU
		{08B7D78C-AA0B-44AD-8639-F0A3D024D27F}.32bit|Any CPU.ActiveCfg = Release|Any CPU
		{08B7D78C-AA0B-44AD-8639-F0A3D024D27F}.32bit|Any CPU.Build.0 = Release|Any CPU
		{08B7D78C-AA0B-44AD-8639-F0A3D024D27F}.32bit|x86.ActiveCfg = Release|Any CPU
		{08B7D78C-AA0B-44AD-8639-F0A3D024D27F}.Debug|Any CPU.ActiveCfg = Debug|Any CPU
		{08B7D78C-AA0B-44AD-8639-F0A3D024D27F}.Debug|Any CPU.Build.0 = Debug|Any CPU
		{08B7D78C-AA0B-44AD-8639-F0A3D024D27F}.Debug|x86.ActiveCfg = Debug|Any CPU
		{08B7D78C-AA0B-44AD-8639-F0A3D024D27F}.Release|Any CPU.ActiveCfg = Release|Any CPU
		{08B7D78C-AA0B-44AD-8639-F0A3D024D27F}.Release|Any CPU.Build.0 = Release|Any CPU
		{08B7D78C-AA0B-44AD-8639-F0A3D024D27F}.Release|x86.ActiveCfg = Release|Any CPU
		{8E0ABD8B-D01A-4C2A-8CEE-BD056C4C9A48}.32bit|Any CPU.ActiveCfg = Release|Any CPU
		{8E0ABD8B-D01A-4C2A-8CEE-BD056C4C9A48}.32bit|Any CPU.Build.0 = Release|Any CPU
		{8E0ABD8B-D01A-4C2A-8CEE-BD056C4C9A48}.32bit|x86.ActiveCfg = Release|Any CPU
		{8E0ABD8B-D01A-4C2A-8CEE-BD056C4C9A48}.Debug|Any CPU.ActiveCfg = Debug|Any CPU
		{8E0ABD8B-D01A-4C2A-8CEE-BD056C4C9A48}.Debug|Any CPU.Build.0 = Debug|Any CPU
		{8E0ABD8B-D01A-4C2A-8CEE-BD056C4C9A48}.Debug|x86.ActiveCfg = Debug|Any CPU
		{8E0ABD8B-D01A-4C2A-8CEE-BD056C4C9A48}.Release|Any CPU.ActiveCfg = Release|Any CPU
		{8E0ABD8B-D01A-4C2A-8CEE-BD056C4C9A48}.Release|Any CPU.Build.0 = Release|Any CPU
		{8E0ABD8B-D01A-4C2A-8CEE-BD056C4C9A48}.Release|x86.ActiveCfg = Release|Any CPU
		{AF49D493-AF9C-4AF9-8D33-9E755462694F}.32bit|Any CPU.ActiveCfg = Release|Any CPU
		{AF49D493-AF9C-4AF9-8D33-9E755462694F}.32bit|Any CPU.Build.0 = Release|Any CPU
		{AF49D493-AF9C-4AF9-8D33-9E755462694F}.32bit|x86.ActiveCfg = Release|Any CPU
		{AF49D493-AF9C-4AF9-8D33-9E755462694F}.Debug|Any CPU.ActiveCfg = Debug|Any CPU
		{AF49D493-AF9C-4AF9-8D33-9E755462694F}.Debug|Any CPU.Build.0 = Debug|Any CPU
		{AF49D493-AF9C-4AF9-8D33-9E755462694F}.Debug|x86.ActiveCfg = Debug|Any CPU
		{AF49D493-AF9C-4AF9-8D33-9E755462694F}.Release|Any CPU.ActiveCfg = Release|Any CPU
		{AF49D493-AF9C-4AF9-8D33-9E755462694F}.Release|Any CPU.Build.0 = Release|Any CPU
		{AF49D493-AF9C-4AF9-8D33-9E755462694F}.Release|x86.ActiveCfg = Release|Any CPU
		{BEC6A253-8BF0-47E4-9FDE-360AC6E5A1B0}.32bit|Any CPU.ActiveCfg = Release|Any CPU
		{BEC6A253-8BF0-47E4-9FDE-360AC6E5A1B0}.32bit|Any CPU.Build.0 = Release|Any CPU
		{BEC6A253-8BF0-47E4-9FDE-360AC6E5A1B0}.32bit|x86.ActiveCfg = Release|Any CPU
		{BEC6A253-8BF0-47E4-9FDE-360AC6E5A1B0}.Debug|Any CPU.ActiveCfg = Debug|Any CPU
		{BEC6A253-8BF0-47E4-9FDE-360AC6E5A1B0}.Debug|Any CPU.Build.0 = Debug|Any CPU
		{BEC6A253-8BF0-47E4-9FDE-360AC6E5A1B0}.Debug|x86.ActiveCfg = Debug|Any CPU
		{BEC6A253-8BF0-47E4-9FDE-360AC6E5A1B0}.Release|Any CPU.ActiveCfg = Release|Any CPU
		{BEC6A253-8BF0-47E4-9FDE-360AC6E5A1B0}.Release|Any CPU.Build.0 = Release|Any CPU
		{BEC6A253-8BF0-47E4-9FDE-360AC6E5A1B0}.Release|x86.ActiveCfg = Release|Any CPU
		{43B0D26E-83C9-4FE3-B323-FF5349DB8F85}.32bit|Any CPU.ActiveCfg = Release|Any CPU
		{43B0D26E-83C9-4FE3-B323-FF5349DB8F85}.32bit|Any CPU.Build.0 = Release|Any CPU
		{43B0D26E-83C9-4FE3-B323-FF5349DB8F85}.32bit|x86.ActiveCfg = Release|Any CPU
		{43B0D26E-83C9-4FE3-B323-FF5349DB8F85}.Debug|Any CPU.ActiveCfg = Debug|Any CPU
		{43B0D26E-83C9-4FE3-B323-FF5349DB8F85}.Debug|Any CPU.Build.0 = Debug|Any CPU
		{43B0D26E-83C9-4FE3-B323-FF5349DB8F85}.Debug|x86.ActiveCfg = Debug|Any CPU
		{43B0D26E-83C9-4FE3-B323-FF5349DB8F85}.Release|Any CPU.ActiveCfg = Release|Any CPU
		{43B0D26E-83C9-4FE3-B323-FF5349DB8F85}.Release|Any CPU.Build.0 = Release|Any CPU
		{43B0D26E-83C9-4FE3-B323-FF5349DB8F85}.Release|x86.ActiveCfg = Release|Any CPU
		{06A8D347-472C-47CC-91F2-8A07AFEE33CC}.32bit|Any CPU.ActiveCfg = Release|Any CPU
		{06A8D347-472C-47CC-91F2-8A07AFEE33CC}.32bit|Any CPU.Build.0 = Release|Any CPU
		{06A8D347-472C-47CC-91F2-8A07AFEE33CC}.32bit|x86.ActiveCfg = Release|Any CPU
		{06A8D347-472C-47CC-91F2-8A07AFEE33CC}.Debug|Any CPU.ActiveCfg = Debug|Any CPU
		{06A8D347-472C-47CC-91F2-8A07AFEE33CC}.Debug|Any CPU.Build.0 = Debug|Any CPU
		{06A8D347-472C-47CC-91F2-8A07AFEE33CC}.Debug|x86.ActiveCfg = Debug|Any CPU
		{06A8D347-472C-47CC-91F2-8A07AFEE33CC}.Release|Any CPU.ActiveCfg = Release|Any CPU
		{06A8D347-472C-47CC-91F2-8A07AFEE33CC}.Release|Any CPU.Build.0 = Release|Any CPU
		{06A8D347-472C-47CC-91F2-8A07AFEE33CC}.Release|x86.ActiveCfg = Release|Any CPU
		{71F98AB3-685A-4A26-92C9-AEF34C6F61E3}.32bit|Any CPU.ActiveCfg = Release|Any CPU
		{71F98AB3-685A-4A26-92C9-AEF34C6F61E3}.32bit|Any CPU.Build.0 = Release|Any CPU
		{71F98AB3-685A-4A26-92C9-AEF34C6F61E3}.32bit|x86.ActiveCfg = Release|Any CPU
		{71F98AB3-685A-4A26-92C9-AEF34C6F61E3}.Debug|Any CPU.ActiveCfg = Debug|Any CPU
		{71F98AB3-685A-4A26-92C9-AEF34C6F61E3}.Debug|Any CPU.Build.0 = Debug|Any CPU
		{71F98AB3-685A-4A26-92C9-AEF34C6F61E3}.Debug|x86.ActiveCfg = Debug|Any CPU
		{71F98AB3-685A-4A26-92C9-AEF34C6F61E3}.Release|Any CPU.ActiveCfg = Release|Any CPU
		{71F98AB3-685A-4A26-92C9-AEF34C6F61E3}.Release|Any CPU.Build.0 = Release|Any CPU
		{71F98AB3-685A-4A26-92C9-AEF34C6F61E3}.Release|x86.ActiveCfg = Release|Any CPU
		{F4D1CB14-AA80-4049-B03F-A505BCDA76DC}.32bit|Any CPU.ActiveCfg = Release|Any CPU
		{F4D1CB14-AA80-4049-B03F-A505BCDA76DC}.32bit|Any CPU.Build.0 = Release|Any CPU
		{F4D1CB14-AA80-4049-B03F-A505BCDA76DC}.32bit|x86.ActiveCfg = Release|Any CPU
		{F4D1CB14-AA80-4049-B03F-A505BCDA76DC}.Debug|Any CPU.ActiveCfg = Debug|Any CPU
		{F4D1CB14-AA80-4049-B03F-A505BCDA76DC}.Debug|Any CPU.Build.0 = Debug|Any CPU
		{F4D1CB14-AA80-4049-B03F-A505BCDA76DC}.Debug|x86.ActiveCfg = Debug|Any CPU
		{F4D1CB14-AA80-4049-B03F-A505BCDA76DC}.Release|Any CPU.ActiveCfg = Release|Any CPU
		{F4D1CB14-AA80-4049-B03F-A505BCDA76DC}.Release|Any CPU.Build.0 = Release|Any CPU
		{F4D1CB14-AA80-4049-B03F-A505BCDA76DC}.Release|x86.ActiveCfg = Release|Any CPU
		{878464A3-33EF-4C64-98CA-6AAB7C7C22F9}.32bit|Any CPU.ActiveCfg = Release|Any CPU
		{878464A3-33EF-4C64-98CA-6AAB7C7C22F9}.32bit|Any CPU.Build.0 = Release|Any CPU
		{878464A3-33EF-4C64-98CA-6AAB7C7C22F9}.32bit|x86.ActiveCfg = Release|Any CPU
		{878464A3-33EF-4C64-98CA-6AAB7C7C22F9}.Debug|Any CPU.ActiveCfg = Debug|Any CPU
		{878464A3-33EF-4C64-98CA-6AAB7C7C22F9}.Debug|Any CPU.Build.0 = Debug|Any CPU
		{878464A3-33EF-4C64-98CA-6AAB7C7C22F9}.Debug|x86.ActiveCfg = Debug|Any CPU
		{878464A3-33EF-4C64-98CA-6AAB7C7C22F9}.Release|Any CPU.ActiveCfg = Release|Any CPU
		{878464A3-33EF-4C64-98CA-6AAB7C7C22F9}.Release|Any CPU.Build.0 = Release|Any CPU
		{878464A3-33EF-4C64-98CA-6AAB7C7C22F9}.Release|x86.ActiveCfg = Release|Any CPU
		{A6E0D414-FAC4-4CCA-9ACD-33F489665668}.32bit|Any CPU.ActiveCfg = Release|Any CPU
		{A6E0D414-FAC4-4CCA-9ACD-33F489665668}.32bit|Any CPU.Build.0 = Release|Any CPU
		{A6E0D414-FAC4-4CCA-9ACD-33F489665668}.32bit|x86.ActiveCfg = Release|Any CPU
		{A6E0D414-FAC4-4CCA-9ACD-33F489665668}.Debug|Any CPU.ActiveCfg = Debug|Any CPU
		{A6E0D414-FAC4-4CCA-9ACD-33F489665668}.Debug|Any CPU.Build.0 = Debug|Any CPU
		{A6E0D414-FAC4-4CCA-9ACD-33F489665668}.Debug|x86.ActiveCfg = Debug|Any CPU
		{A6E0D414-FAC4-4CCA-9ACD-33F489665668}.Release|Any CPU.ActiveCfg = Release|Any CPU
		{A6E0D414-FAC4-4CCA-9ACD-33F489665668}.Release|Any CPU.Build.0 = Release|Any CPU
		{A6E0D414-FAC4-4CCA-9ACD-33F489665668}.Release|x86.ActiveCfg = Release|Any CPU
		{0FD98402-0A9D-4D5E-A5D3-209C57DB3AC9}.32bit|Any CPU.ActiveCfg = Release|Any CPU
		{0FD98402-0A9D-4D5E-A5D3-209C57DB3AC9}.32bit|Any CPU.Build.0 = Release|Any CPU
		{0FD98402-0A9D-4D5E-A5D3-209C57DB3AC9}.32bit|x86.ActiveCfg = Release|Any CPU
		{0FD98402-0A9D-4D5E-A5D3-209C57DB3AC9}.Debug|Any CPU.ActiveCfg = Debug|Any CPU
		{0FD98402-0A9D-4D5E-A5D3-209C57DB3AC9}.Debug|Any CPU.Build.0 = Debug|Any CPU
		{0FD98402-0A9D-4D5E-A5D3-209C57DB3AC9}.Debug|x86.ActiveCfg = Debug|Any CPU
		{0FD98402-0A9D-4D5E-A5D3-209C57DB3AC9}.Release|Any CPU.ActiveCfg = Release|Any CPU
		{0FD98402-0A9D-4D5E-A5D3-209C57DB3AC9}.Release|Any CPU.Build.0 = Release|Any CPU
		{0FD98402-0A9D-4D5E-A5D3-209C57DB3AC9}.Release|x86.ActiveCfg = Release|Any CPU
		{1A1EA64A-414D-40C2-BF44-C34B09B98077}.32bit|Any CPU.ActiveCfg = Release|Any CPU
		{1A1EA64A-414D-40C2-BF44-C34B09B98077}.32bit|Any CPU.Build.0 = Release|Any CPU
		{1A1EA64A-414D-40C2-BF44-C34B09B98077}.32bit|x86.ActiveCfg = Release|Any CPU
		{1A1EA64A-414D-40C2-BF44-C34B09B98077}.Debug|Any CPU.ActiveCfg = Debug|Any CPU
		{1A1EA64A-414D-40C2-BF44-C34B09B98077}.Debug|Any CPU.Build.0 = Debug|Any CPU
		{1A1EA64A-414D-40C2-BF44-C34B09B98077}.Debug|x86.ActiveCfg = Debug|Any CPU
		{1A1EA64A-414D-40C2-BF44-C34B09B98077}.Release|Any CPU.ActiveCfg = Release|Any CPU
		{1A1EA64A-414D-40C2-BF44-C34B09B98077}.Release|Any CPU.Build.0 = Release|Any CPU
		{1A1EA64A-414D-40C2-BF44-C34B09B98077}.Release|x86.ActiveCfg = Release|Any CPU
		{9150FA7E-5DE4-449D-A15A-D508ED110E72}.32bit|Any CPU.ActiveCfg = Release|Any CPU
		{9150FA7E-5DE4-449D-A15A-D508ED110E72}.32bit|Any CPU.Build.0 = Release|Any CPU
		{9150FA7E-5DE4-449D-A15A-D508ED110E72}.32bit|x86.ActiveCfg = Release|Any CPU
		{9150FA7E-5DE4-449D-A15A-D508ED110E72}.Debug|Any CPU.ActiveCfg = Debug|Any CPU
		{9150FA7E-5DE4-449D-A15A-D508ED110E72}.Debug|Any CPU.Build.0 = Debug|Any CPU
		{9150FA7E-5DE4-449D-A15A-D508ED110E72}.Debug|x86.ActiveCfg = Debug|Any CPU
		{9150FA7E-5DE4-449D-A15A-D508ED110E72}.Release|Any CPU.ActiveCfg = Release|Any CPU
		{9150FA7E-5DE4-449D-A15A-D508ED110E72}.Release|Any CPU.Build.0 = Release|Any CPU
		{9150FA7E-5DE4-449D-A15A-D508ED110E72}.Release|x86.ActiveCfg = Release|Any CPU
		{37DD2772-F869-488E-AE0D-1779CED90B70}.32bit|Any CPU.ActiveCfg = Release|Any CPU
		{37DD2772-F869-488E-AE0D-1779CED90B70}.32bit|Any CPU.Build.0 = Release|Any CPU
		{37DD2772-F869-488E-AE0D-1779CED90B70}.32bit|x86.ActiveCfg = Release|Any CPU
		{37DD2772-F869-488E-AE0D-1779CED90B70}.Debug|Any CPU.ActiveCfg = Debug|Any CPU
		{37DD2772-F869-488E-AE0D-1779CED90B70}.Debug|Any CPU.Build.0 = Debug|Any CPU
		{37DD2772-F869-488E-AE0D-1779CED90B70}.Debug|x86.ActiveCfg = Debug|Any CPU
		{37DD2772-F869-488E-AE0D-1779CED90B70}.Release|Any CPU.ActiveCfg = Release|Any CPU
		{37DD2772-F869-488E-AE0D-1779CED90B70}.Release|Any CPU.Build.0 = Release|Any CPU
		{37DD2772-F869-488E-AE0D-1779CED90B70}.Release|x86.ActiveCfg = Release|Any CPU
		{E0C9ADC4-CC4D-4504-B1EA-BBB2006070CB}.32bit|Any CPU.ActiveCfg = Release|Any CPU
		{E0C9ADC4-CC4D-4504-B1EA-BBB2006070CB}.32bit|Any CPU.Build.0 = Release|Any CPU
		{E0C9ADC4-CC4D-4504-B1EA-BBB2006070CB}.32bit|x86.ActiveCfg = Release|Any CPU
		{E0C9ADC4-CC4D-4504-B1EA-BBB2006070CB}.Debug|Any CPU.ActiveCfg = Debug|Any CPU
		{E0C9ADC4-CC4D-4504-B1EA-BBB2006070CB}.Debug|Any CPU.Build.0 = Debug|Any CPU
		{E0C9ADC4-CC4D-4504-B1EA-BBB2006070CB}.Debug|x86.ActiveCfg = Debug|Any CPU
		{E0C9ADC4-CC4D-4504-B1EA-BBB2006070CB}.Release|Any CPU.ActiveCfg = Release|Any CPU
		{E0C9ADC4-CC4D-4504-B1EA-BBB2006070CB}.Release|Any CPU.Build.0 = Release|Any CPU
		{E0C9ADC4-CC4D-4504-B1EA-BBB2006070CB}.Release|x86.ActiveCfg = Release|Any CPU
		{A2EAE678-20ED-472D-82EE-07BEA12FDD24}.32bit|Any CPU.ActiveCfg = Release|Any CPU
		{A2EAE678-20ED-472D-82EE-07BEA12FDD24}.32bit|Any CPU.Build.0 = Release|Any CPU
		{A2EAE678-20ED-472D-82EE-07BEA12FDD24}.32bit|x86.ActiveCfg = Release|Any CPU
		{A2EAE678-20ED-472D-82EE-07BEA12FDD24}.Debug|Any CPU.ActiveCfg = Debug|Any CPU
		{A2EAE678-20ED-472D-82EE-07BEA12FDD24}.Debug|Any CPU.Build.0 = Debug|Any CPU
		{A2EAE678-20ED-472D-82EE-07BEA12FDD24}.Debug|x86.ActiveCfg = Debug|Any CPU
		{A2EAE678-20ED-472D-82EE-07BEA12FDD24}.Release|Any CPU.ActiveCfg = Release|Any CPU
		{A2EAE678-20ED-472D-82EE-07BEA12FDD24}.Release|Any CPU.Build.0 = Release|Any CPU
		{A2EAE678-20ED-472D-82EE-07BEA12FDD24}.Release|x86.ActiveCfg = Release|Any CPU
		{C3BE9EC2-CCFE-4308-ACB2-4B2565804997}.32bit|Any CPU.ActiveCfg = Release|Any CPU
		{C3BE9EC2-CCFE-4308-ACB2-4B2565804997}.32bit|Any CPU.Build.0 = Release|Any CPU
		{C3BE9EC2-CCFE-4308-ACB2-4B2565804997}.32bit|x86.ActiveCfg = Release|Any CPU
		{C3BE9EC2-CCFE-4308-ACB2-4B2565804997}.Debug|Any CPU.ActiveCfg = Debug|Any CPU
		{C3BE9EC2-CCFE-4308-ACB2-4B2565804997}.Debug|Any CPU.Build.0 = Debug|Any CPU
		{C3BE9EC2-CCFE-4308-ACB2-4B2565804997}.Debug|x86.ActiveCfg = Debug|Any CPU
		{C3BE9EC2-CCFE-4308-ACB2-4B2565804997}.Release|Any CPU.ActiveCfg = Release|Any CPU
		{C3BE9EC2-CCFE-4308-ACB2-4B2565804997}.Release|Any CPU.Build.0 = Release|Any CPU
		{C3BE9EC2-CCFE-4308-ACB2-4B2565804997}.Release|x86.ActiveCfg = Release|Any CPU
		{903EDEBE-AB9B-44A0-853A-798059AE89F0}.32bit|Any CPU.ActiveCfg = Release|Any CPU
		{903EDEBE-AB9B-44A0-853A-798059AE89F0}.32bit|Any CPU.Build.0 = Release|Any CPU
		{903EDEBE-AB9B-44A0-853A-798059AE89F0}.32bit|x86.ActiveCfg = Release|Any CPU
		{903EDEBE-AB9B-44A0-853A-798059AE89F0}.Debug|Any CPU.ActiveCfg = Debug|Any CPU
		{903EDEBE-AB9B-44A0-853A-798059AE89F0}.Debug|Any CPU.Build.0 = Debug|Any CPU
		{903EDEBE-AB9B-44A0-853A-798059AE89F0}.Debug|x86.ActiveCfg = Debug|Any CPU
		{903EDEBE-AB9B-44A0-853A-798059AE89F0}.Release|Any CPU.ActiveCfg = Release|Any CPU
		{903EDEBE-AB9B-44A0-853A-798059AE89F0}.Release|Any CPU.Build.0 = Release|Any CPU
		{903EDEBE-AB9B-44A0-853A-798059AE89F0}.Release|x86.ActiveCfg = Release|Any CPU
		{99E0F0B0-54EA-4C34-93EB-E631DB1F17CA}.32bit|Any CPU.ActiveCfg = Release|Any CPU
		{99E0F0B0-54EA-4C34-93EB-E631DB1F17CA}.32bit|Any CPU.Build.0 = Release|Any CPU
		{99E0F0B0-54EA-4C34-93EB-E631DB1F17CA}.32bit|x86.ActiveCfg = Release|Any CPU
		{99E0F0B0-54EA-4C34-93EB-E631DB1F17CA}.Debug|Any CPU.ActiveCfg = Debug|Any CPU
		{99E0F0B0-54EA-4C34-93EB-E631DB1F17CA}.Debug|Any CPU.Build.0 = Debug|Any CPU
		{99E0F0B0-54EA-4C34-93EB-E631DB1F17CA}.Debug|x86.ActiveCfg = Debug|Any CPU
		{99E0F0B0-54EA-4C34-93EB-E631DB1F17CA}.Release|Any CPU.ActiveCfg = Release|Any CPU
		{99E0F0B0-54EA-4C34-93EB-E631DB1F17CA}.Release|Any CPU.Build.0 = Release|Any CPU
		{99E0F0B0-54EA-4C34-93EB-E631DB1F17CA}.Release|x86.ActiveCfg = Release|Any CPU
		{11E748E4-F789-4EB1-A530-FA6EF55D9938}.32bit|Any CPU.ActiveCfg = Release|Any CPU
		{11E748E4-F789-4EB1-A530-FA6EF55D9938}.32bit|Any CPU.Build.0 = Release|Any CPU
		{11E748E4-F789-4EB1-A530-FA6EF55D9938}.32bit|x86.ActiveCfg = Release|Any CPU
		{11E748E4-F789-4EB1-A530-FA6EF55D9938}.Debug|Any CPU.ActiveCfg = Debug|Any CPU
		{11E748E4-F789-4EB1-A530-FA6EF55D9938}.Debug|Any CPU.Build.0 = Debug|Any CPU
		{11E748E4-F789-4EB1-A530-FA6EF55D9938}.Debug|x86.ActiveCfg = Debug|Any CPU
		{11E748E4-F789-4EB1-A530-FA6EF55D9938}.Release|Any CPU.ActiveCfg = Release|Any CPU
		{11E748E4-F789-4EB1-A530-FA6EF55D9938}.Release|Any CPU.Build.0 = Release|Any CPU
		{11E748E4-F789-4EB1-A530-FA6EF55D9938}.Release|x86.ActiveCfg = Release|Any CPU
	EndGlobalSection
	GlobalSection(SolutionProperties) = preSolution
		HideSolutionNode = FALSE
	EndGlobalSection
	GlobalSection(NestedProjects) = preSolution
		{E71BB617-BC88-43A2-B0F6-D0EAA9B293B6} = {9DF252D9-6979-4A54-A384-F303A21BA26D}
		{2349A889-4C80-4A1E-B221-DFA38E026DD8} = {9DF252D9-6979-4A54-A384-F303A21BA26D}
		{07362742-8376-4198-8E68-372EF421C025} = {9DF252D9-6979-4A54-A384-F303A21BA26D}
		{6FD1E565-60D2-489D-9A5A-491642D6BD06} = {9DF252D9-6979-4A54-A384-F303A21BA26D}
		{4C69ACDA-ECF2-4BA5-9967-A08407ADE1AE} = {9DF252D9-6979-4A54-A384-F303A21BA26D}
		{2B4171A9-B752-45FD-BA33-5A26511E93A8} = {1AA8B62C-52F8-43C8-A5D1-04579E8BE762}
		{5BBD1182-9A0A-48CF-95AB-54A443FD07F1} = {E71BB617-BC88-43A2-B0F6-D0EAA9B293B6}
		{903EDEBE-AB9B-44A0-853A-798059AE89F0} = {E71BB617-BC88-43A2-B0F6-D0EAA9B293B6}
		{E20540D6-534E-4929-86D3-B9E6BAA41770} = {2349A889-4C80-4A1E-B221-DFA38E026DD8}
		{99E0F0B0-54EA-4C34-93EB-E631DB1F17CA} = {2349A889-4C80-4A1E-B221-DFA38E026DD8}
		{B4657E93-6B06-43F8-BFCB-9FF797BDC1A2} = {07362742-8376-4198-8E68-372EF421C025}
		{A2EAE678-20ED-472D-82EE-07BEA12FDD24} = {07362742-8376-4198-8E68-372EF421C025}
		{C3BE9EC2-CCFE-4308-ACB2-4B2565804997} = {07362742-8376-4198-8E68-372EF421C025}
		{08B7D78C-AA0B-44AD-8639-F0A3D024D27F} = {6FD1E565-60D2-489D-9A5A-491642D6BD06}
		{9150FA7E-5DE4-449D-A15A-D508ED110E72} = {6FD1E565-60D2-489D-9A5A-491642D6BD06}
		{37DD2772-F869-488E-AE0D-1779CED90B70} = {6FD1E565-60D2-489D-9A5A-491642D6BD06}
		{E0C9ADC4-CC4D-4504-B1EA-BBB2006070CB} = {6FD1E565-60D2-489D-9A5A-491642D6BD06}
		{11E748E4-F789-4EB1-A530-FA6EF55D9938} = {6FD1E565-60D2-489D-9A5A-491642D6BD06}
		{C0D7D574-67DE-414A-B56A-B73EB6A23BA8} = {AC6B4B5B-115A-4892-AA95-E3C1DB2FA0A8}
		{265CD065-975A-4B7A-AFD8-869B8AC298A5} = {AC6B4B5B-115A-4892-AA95-E3C1DB2FA0A8}
		{1DC0F8FC-A05D-45F2-81F5-DC2D1A12E97B} = {AC6B4B5B-115A-4892-AA95-E3C1DB2FA0A8}
		{71F98AB3-685A-4A26-92C9-AEF34C6F61E3} = {C0D7D574-67DE-414A-B56A-B73EB6A23BA8}
		{F4D1CB14-AA80-4049-B03F-A505BCDA76DC} = {C0D7D574-67DE-414A-B56A-B73EB6A23BA8}
		{878464A3-33EF-4C64-98CA-6AAB7C7C22F9} = {C0D7D574-67DE-414A-B56A-B73EB6A23BA8}
		{A6E0D414-FAC4-4CCA-9ACD-33F489665668} = {C0D7D574-67DE-414A-B56A-B73EB6A23BA8}
		{0FD98402-0A9D-4D5E-A5D3-209C57DB3AC9} = {C0D7D574-67DE-414A-B56A-B73EB6A23BA8}
		{8E0ABD8B-D01A-4C2A-8CEE-BD056C4C9A48} = {265CD065-975A-4B7A-AFD8-869B8AC298A5}
		{AF49D493-AF9C-4AF9-8D33-9E755462694F} = {265CD065-975A-4B7A-AFD8-869B8AC298A5}
		{BEC6A253-8BF0-47E4-9FDE-360AC6E5A1B0} = {265CD065-975A-4B7A-AFD8-869B8AC298A5}
		{43B0D26E-83C9-4FE3-B323-FF5349DB8F85} = {265CD065-975A-4B7A-AFD8-869B8AC298A5}
		{06A8D347-472C-47CC-91F2-8A07AFEE33CC} = {265CD065-975A-4B7A-AFD8-869B8AC298A5}
		{1A1EA64A-414D-40C2-BF44-C34B09B98077} = {1DC0F8FC-A05D-45F2-81F5-DC2D1A12E97B}
	EndGlobalSection
EndGlobal
